
Microsoft Visual Studio Solution File, Format Version 12.00
# Visual Studio Version 17
VisualStudioVersion = 17.4.33213.308
MinimumVisualStudioVersion = 10.0.40219.1
Project("{FAE04EC0-301F-11D3-BF4B-00C04F79EFBC}") = "Angular", "Angular.csproj", "{45C001C9-CF42-4268-905B-AD32A7513A53}"
EndProject
Global
	GlobalSection(SolutionConfigurationPlatforms) = preSolution
		Debug|Any CPU = Debug|Any CPU
		Release|Any CPU = Release|Any CPU
	EndGlobalSection
	GlobalSection(ProjectConfigurationPlatforms) = postSolution
		{45C001C9-CF42-4268-905B-AD32A7513A53}.Debug|Any CPU.ActiveCfg = Debug|Any CPU
		{45C001C9-CF42-4268-905B-AD32A7513A53}.Debug|Any CPU.Build.0 = Debug|Any CPU
		{45C001C9-CF42-4268-905B-AD32A7513A53}.Release|Any CPU.ActiveCfg = Release|Any CPU
		{45C001C9-CF42-4268-905B-AD32A7513A53}.Release|Any CPU.Build.0 = Release|Any CPU
	EndGlobalSection
	GlobalSection(SolutionProperties) = preSolution
		HideSolutionNode = FALSE
	EndGlobalSection
	GlobalSection(ExtensibilityGlobals) = postSolution
		SolutionGuid = {14D83319-92F9-4D11-9D0C-FE2E83DE4BF1}
	EndGlobalSection
EndGlobal
