
Microsoft Visual Studio Solution File, Format Version 12.00
# Visual Studio Version 17
VisualStudioVersion = 17.4.33213.308
MinimumVisualStudioVersion = 10.0.40219.1
Project("{FAE04EC0-301F-11D3-BF4B-00C04F79EFBC}") = "PictureViewer", "PictureViewer.csproj", "{98112E9F-1743-410B-850E-0431023893D7}"
EndProject
Global
	GlobalSection(SolutionConfigurationPlatforms) = preSolution
		Debug|Any CPU = Debug|Any CPU
		Release|Any CPU = Release|Any CPU
	EndGlobalSection
	GlobalSection(ProjectConfigurationPlatforms) = postSolution
		{98112E9F-1743-410B-850E-0431023893D7}.Debug|Any CPU.ActiveCfg = Debug|Any CPU
		{98112E9F-1743-410B-850E-0431023893D7}.Debug|Any CPU.Build.0 = Debug|Any CPU
		{98112E9F-1743-410B-850E-0431023893D7}.Release|Any CPU.ActiveCfg = Release|Any CPU
		{98112E9F-1743-410B-850E-0431023893D7}.Release|Any CPU.Build.0 = Release|Any CPU
	EndGlobalSection
	GlobalSection(SolutionProperties) = preSolution
		HideSolutionNode = FALSE
	EndGlobalSection
	GlobalSection(ExtensibilityGlobals) = postSolution
		SolutionGuid = {DD956A35-188E-43A3-929B-963031C8FD8D}
	EndGlobalSection
EndGlobal
